
Microsoft Visual Studio Solution File, Format Version 12.00
# Visual Studio Version 17
VisualStudioVersion = 17.10.35027.167
MinimumVisualStudioVersion = 10.0.40219.1
Project("{FAE04EC0-301F-11D3-BF4B-00C04F79EFBC}") = "WpfAppVERIFICADIGIT", "WpfAppVERIFICADIGIT\WpfAppVERIFICADIGIT.csproj", "{FEF83028-CCB5-4EB3-A837-5A5D4D4A65EB}"
EndProject
Global
	GlobalSection(SolutionConfigurationPlatforms) = preSolution
		Debug|Any CPU = Debug|Any CPU
		Release|Any CPU = Release|Any CPU
	EndGlobalSection
	GlobalSection(ProjectConfigurationPlatforms) = postSolution
		{FEF83028-CCB5-4EB3-A837-5A5D4D4A65EB}.Debug|Any CPU.ActiveCfg = Debug|Any CPU
		{FEF83028-CCB5-4EB3-A837-5A5D4D4A65EB}.Debug|Any CPU.Build.0 = Debug|Any CPU
		{FEF83028-CCB5-4EB3-A837-5A5D4D4A65EB}.Release|Any CPU.ActiveCfg = Release|Any CPU
		{FEF83028-CCB5-4EB3-A837-5A5D4D4A65EB}.Release|Any CPU.Build.0 = Release|Any CPU
	EndGlobalSection
	GlobalSection(SolutionProperties) = preSolution
		HideSolutionNode = FALSE
	EndGlobalSection
	GlobalSection(ExtensibilityGlobals) = postSolution
		SolutionGuid = {60A17C55-E5B4-44B6-A4ED-1068B720FAD0}
	EndGlobalSection
EndGlobal
